
Microsoft Visual Studio Solution File, Format Version 12.00
# Visual Studio Version 17
VisualStudioVersion = 17.4.33403.182
MinimumVisualStudioVersion = 10.0.40219.1
Project("{FAE04EC0-301F-11D3-BF4B-00C04F79EFBC}") = "POO.logic", "POO.logic\POO.logic.csproj", "{D7200853-4B75-4E97-8F46-0EA0A23EF888}"
EndProject
Project("{FAE04EC0-301F-11D3-BF4B-00C04F79EFBC}") = "POO.Console.UI", "POO.Console.UI\POO.Console.UI.csproj", "{104E7097-AD40-4A2A-951F-2519CFBFD601}"
EndProject
Project("{FAE04EC0-301F-11D3-BF4B-00C04F79EFBC}") = "Iproduct.console", "Iproduct.console\Iproduct.console.csproj", "{1C1ED7A7-C18F-45A6-AA99-42EFC4CFAF88}"
EndProject
Global
	GlobalSection(SolutionConfigurationPlatforms) = preSolution
		Debug|Any CPU = Debug|Any CPU
		Release|Any CPU = Release|Any CPU
	EndGlobalSection
	GlobalSection(ProjectConfigurationPlatforms) = postSolution
		{D7200853-4B75-4E97-8F46-0EA0A23EF888}.Debug|Any CPU.ActiveCfg = Debug|Any CPU
		{D7200853-4B75-4E97-8F46-0EA0A23EF888}.Debug|Any CPU.Build.0 = Debug|Any CPU
		{D7200853-4B75-4E97-8F46-0EA0A23EF888}.Release|Any CPU.ActiveCfg = Release|Any CPU
		{D7200853-4B75-4E97-8F46-0EA0A23EF888}.Release|Any CPU.Build.0 = Release|Any CPU
		{104E7097-AD40-4A2A-951F-2519CFBFD601}.Debug|Any CPU.ActiveCfg = Debug|Any CPU
		{104E7097-AD40-4A2A-951F-2519CFBFD601}.Debug|Any CPU.Build.0 = Debug|Any CPU
		{104E7097-AD40-4A2A-951F-2519CFBFD601}.Release|Any CPU.ActiveCfg = Release|Any CPU
		{104E7097-AD40-4A2A-951F-2519CFBFD601}.Release|Any CPU.Build.0 = Release|Any CPU
		{1C1ED7A7-C18F-45A6-AA99-42EFC4CFAF88}.Debug|Any CPU.ActiveCfg = Debug|Any CPU
		{1C1ED7A7-C18F-45A6-AA99-42EFC4CFAF88}.Debug|Any CPU.Build.0 = Debug|Any CPU
		{1C1ED7A7-C18F-45A6-AA99-42EFC4CFAF88}.Release|Any CPU.ActiveCfg = Release|Any CPU
		{1C1ED7A7-C18F-45A6-AA99-42EFC4CFAF88}.Release|Any CPU.Build.0 = Release|Any CPU
	EndGlobalSection
	GlobalSection(SolutionProperties) = preSolution
		HideSolutionNode = FALSE
	EndGlobalSection
	GlobalSection(ExtensibilityGlobals) = postSolution
		SolutionGuid = {9DB9C6E2-C06A-42D0-A1ED-CDD0281026D1}
	EndGlobalSection
EndGlobal
